
Microsoft Visual Studio Solution File, Format Version 12.00
# Visual Studio 14
VisualStudioVersion = 14.0.25420.1
MinimumVisualStudioVersion = 10.0.40219.1
Project("{FAE04EC0-301F-11D3-BF4B-00C04F79EFBC}") = "CustomListProject", "ConsoleApplication2\CustomListProject.csproj", "{5F47CB2B-32FE-4ABA-9203-A19EA8FF7523}"
EndProject
Project("{FAE04EC0-301F-11D3-BF4B-00C04F79EFBC}") = "CustomListTest", "CustomListTest\CustomListTest.csproj", "{DEF7E08A-2ABD-48C4-A287-CB866232C102}"
EndProject
Global
	GlobalSection(SolutionConfigurationPlatforms) = preSolution
		Debug|Any CPU = Debug|Any CPU
		Release|Any CPU = Release|Any CPU
	EndGlobalSection
	GlobalSection(ProjectConfigurationPlatforms) = postSolution
		{5F47CB2B-32FE-4ABA-9203-A19EA8FF7523}.Debug|Any CPU.ActiveCfg = Debug|Any CPU
		{5F47CB2B-32FE-4ABA-9203-A19EA8FF7523}.Debug|Any CPU.Build.0 = Debug|Any CPU
		{5F47CB2B-32FE-4ABA-9203-A19EA8FF7523}.Release|Any CPU.ActiveCfg = Release|Any CPU
		{5F47CB2B-32FE-4ABA-9203-A19EA8FF7523}.Release|Any CPU.Build.0 = Release|Any CPU
		{DEF7E08A-2ABD-48C4-A287-CB866232C102}.Debug|Any CPU.ActiveCfg = Debug|Any CPU
		{DEF7E08A-2ABD-48C4-A287-CB866232C102}.Debug|Any CPU.Build.0 = Debug|Any CPU
		{DEF7E08A-2ABD-48C4-A287-CB866232C102}.Release|Any CPU.ActiveCfg = Release|Any CPU
		{DEF7E08A-2ABD-48C4-A287-CB866232C102}.Release|Any CPU.Build.0 = Release|Any CPU
	EndGlobalSection
	GlobalSection(SolutionProperties) = preSolution
		HideSolutionNode = FALSE
	EndGlobalSection
EndGlobal
